
Microsoft Visual Studio Solution File, Format Version 12.00
# Visual Studio 15
VisualStudioVersion = 15.0.28307.438
MinimumVisualStudioVersion = 10.0.40219.1
Project("{FAE04EC0-301F-11D3-BF4B-00C04F79EFBC}") = "SGI_MODULE_DOCUMENTS", "SGI_MODULE_DOCUMENTS\SGI_MODULE_DOCUMENTS.csproj", "{3ECD52CE-5E82-4F62-920D-D42940B5298B}"
EndProject
Global
	GlobalSection(SolutionConfigurationPlatforms) = preSolution
		Debug|Any CPU = Debug|Any CPU
		Release|Any CPU = Release|Any CPU
	EndGlobalSection
	GlobalSection(ProjectConfigurationPlatforms) = postSolution
		{3ECD52CE-5E82-4F62-920D-D42940B5298B}.Debug|Any CPU.ActiveCfg = Debug|Any CPU
		{3ECD52CE-5E82-4F62-920D-D42940B5298B}.Debug|Any CPU.Build.0 = Debug|Any CPU
		{3ECD52CE-5E82-4F62-920D-D42940B5298B}.Release|Any CPU.ActiveCfg = Release|Any CPU
		{3ECD52CE-5E82-4F62-920D-D42940B5298B}.Release|Any CPU.Build.0 = Release|Any CPU
	EndGlobalSection
	GlobalSection(SolutionProperties) = preSolution
		HideSolutionNode = FALSE
	EndGlobalSection
	GlobalSection(ExtensibilityGlobals) = postSolution
		SolutionGuid = {EE04B9AE-5F9E-44F1-BC9D-F6AF1A96A411}
	EndGlobalSection
EndGlobal
